$begin 'ConnectionParameters'
	DesktopProcessID=10944
	DesktopProcessPath='C:\\Program Files\\AnsysEM\\AnsysEM19.4\\Win64\\ansysedt.exe'
	LaunchedByWB=false
	$begin 'DesktopStubBlock'
		$begin 'CommDetails'
			TransportType=1
			IPAddress='10.1.49.81'
			ListenPort='61884'
		$end 'CommDetails'
		$begin 'Marshall'
			InstanceID=503
			ProcID=10944
			InterfaceID=1
			FactoryIntID='DesktopInterfaceForWBProxyStubFactory'
		$end 'Marshall'
	$end 'DesktopStubBlock'
	$begin 'DesktopBackgroundObjStubBlock'
		$begin 'CommDetails'
			TransportType=1
			IPAddress='10.1.49.81'
			ListenPort='61884'
		$end 'CommDetails'
		$begin 'Marshall'
			InstanceID=505
			ProcID=10944
			InterfaceID=2
			FactoryIntID='DesktopInterfaceForWBProxyStubFactory'
		$end 'Marshall'
	$end 'DesktopBackgroundObjStubBlock'
$end 'ConnectionParameters'
